
Microsoft Visual Studio Solution File, Format Version 12.00
# Visual Studio Version 17
VisualStudioVersion = 17.0.31903.59
MinimumVisualStudioVersion = 10.0.40219.1
Project("{FAE04EC0-301F-11D3-BF4B-00C04F79EFBC}") = "OldIsGold.Web", "OldIsGold.Web\OldIsGold.Web.csproj", "{D8DB06E4-127E-4A17-99CE-0D493024FA5F}"
EndProject
Project("{FAE04EC0-301F-11D3-BF4B-00C04F79EFBC}") = "OldIsGold.BLL", "OldIsGold.BLL\OldIsGold.BLL.csproj", "{5640C2A9-EBD9-417B-B4FF-C99545855BBB}"
EndProject
Project("{FAE04EC0-301F-11D3-BF4B-00C04F79EFBC}") = "OldIsGold.DAL", "OldIsGold.DAL\OldIsGold.DAL.csproj", "{A4860ACD-DD04-4EE6-8610-6DAD0BC735E5}"
EndProject
Global
	GlobalSection(SolutionConfigurationPlatforms) = preSolution
		Debug|Any CPU = Debug|Any CPU
		Debug|x64 = Debug|x64
		Debug|x86 = Debug|x86
		Release|Any CPU = Release|Any CPU
		Release|x64 = Release|x64
		Release|x86 = Release|x86
	EndGlobalSection
	GlobalSection(ProjectConfigurationPlatforms) = postSolution
		{D8DB06E4-127E-4A17-99CE-0D493024FA5F}.Debug|Any CPU.ActiveCfg = Debug|Any CPU
		{D8DB06E4-127E-4A17-99CE-0D493024FA5F}.Debug|Any CPU.Build.0 = Debug|Any CPU
		{D8DB06E4-127E-4A17-99CE-0D493024FA5F}.Debug|x64.ActiveCfg = Debug|Any CPU
		{D8DB06E4-127E-4A17-99CE-0D493024FA5F}.Debug|x64.Build.0 = Debug|Any CPU
		{D8DB06E4-127E-4A17-99CE-0D493024FA5F}.Debug|x86.ActiveCfg = Debug|Any CPU
		{D8DB06E4-127E-4A17-99CE-0D493024FA5F}.Debug|x86.Build.0 = Debug|Any CPU
		{D8DB06E4-127E-4A17-99CE-0D493024FA5F}.Release|Any CPU.ActiveCfg = Release|Any CPU
		{D8DB06E4-127E-4A17-99CE-0D493024FA5F}.Release|Any CPU.Build.0 = Release|Any CPU
		{D8DB06E4-127E-4A17-99CE-0D493024FA5F}.Release|x64.ActiveCfg = Release|Any CPU
		{D8DB06E4-127E-4A17-99CE-0D493024FA5F}.Release|x64.Build.0 = Release|Any CPU
		{D8DB06E4-127E-4A17-99CE-0D493024FA5F}.Release|x86.ActiveCfg = Release|Any CPU
		{D8DB06E4-127E-4A17-99CE-0D493024FA5F}.Release|x86.Build.0 = Release|Any CPU
		{5640C2A9-EBD9-417B-B4FF-C99545855BBB}.Debug|Any CPU.ActiveCfg = Debug|Any CPU
		{5640C2A9-EBD9-417B-B4FF-C99545855BBB}.Debug|Any CPU.Build.0 = Debug|Any CPU
		{5640C2A9-EBD9-417B-B4FF-C99545855BBB}.Debug|x64.ActiveCfg = Debug|Any CPU
		{5640C2A9-EBD9-417B-B4FF-C99545855BBB}.Debug|x64.Build.0 = Debug|Any CPU
		{5640C2A9-EBD9-417B-B4FF-C99545855BBB}.Debug|x86.ActiveCfg = Debug|Any CPU
		{5640C2A9-EBD9-417B-B4FF-C99545855BBB}.Debug|x86.Build.0 = Debug|Any CPU
		{5640C2A9-EBD9-417B-B4FF-C99545855BBB}.Release|Any CPU.ActiveCfg = Release|Any CPU
		{5640C2A9-EBD9-417B-B4FF-C99545855BBB}.Release|Any CPU.Build.0 = Release|Any CPU
		{5640C2A9-EBD9-417B-B4FF-C99545855BBB}.Release|x64.ActiveCfg = Release|Any CPU
		{5640C2A9-EBD9-417B-B4FF-C99545855BBB}.Release|x64.Build.0 = Release|Any CPU
		{5640C2A9-EBD9-417B-B4FF-C99545855BBB}.Release|x86.ActiveCfg = Release|Any CPU
		{5640C2A9-EBD9-417B-B4FF-C99545855BBB}.Release|x86.Build.0 = Release|Any CPU
		{A4860ACD-DD04-4EE6-8610-6DAD0BC735E5}.Debug|Any CPU.ActiveCfg = Debug|Any CPU
		{A4860ACD-DD04-4EE6-8610-6DAD0BC735E5}.Debug|Any CPU.Build.0 = Debug|Any CPU
		{A4860ACD-DD04-4EE6-8610-6DAD0BC735E5}.Debug|x64.ActiveCfg = Debug|Any CPU
		{A4860ACD-DD04-4EE6-8610-6DAD0BC735E5}.Debug|x64.Build.0 = Debug|Any CPU
		{A4860ACD-DD04-4EE6-8610-6DAD0BC735E5}.Debug|x86.ActiveCfg = Debug|Any CPU
		{A4860ACD-DD04-4EE6-8610-6DAD0BC735E5}.Debug|x86.Build.0 = Debug|Any CPU
		{A4860ACD-DD04-4EE6-8610-6DAD0BC735E5}.Release|Any CPU.ActiveCfg = Release|Any CPU
		{A4860ACD-DD04-4EE6-8610-6DAD0BC735E5}.Release|Any CPU.Build.0 = Release|Any CPU
		{A4860ACD-DD04-4EE6-8610-6DAD0BC735E5}.Release|x64.ActiveCfg = Release|Any CPU
		{A4860ACD-DD04-4EE6-8610-6DAD0BC735E5}.Release|x64.Build.0 = Release|Any CPU
		{A4860ACD-DD04-4EE6-8610-6DAD0BC735E5}.Release|x86.ActiveCfg = Release|Any CPU
		{A4860ACD-DD04-4EE6-8610-6DAD0BC735E5}.Release|x86.Build.0 = Release|Any CPU
	EndGlobalSection
	GlobalSection(SolutionProperties) = preSolution
		HideSolutionNode = FALSE
	EndGlobalSection
EndGlobal
